
Microsoft Visual Studio Solution File, Format Version 12.00
# Visual Studio 15
VisualStudioVersion = 15.0.26730.15
MinimumVisualStudioVersion = 10.0.40219.1
Project("{FAE04EC0-301F-11D3-BF4B-00C04F79EFBC}") = "WpfApp1", "WpfApp1\WpfApp1.csproj", "{7C0EC82B-E980-4269-B5FB-71E3A86D83BE}"
EndProject
Global
	GlobalSection(SolutionConfigurationPlatforms) = preSolution
		Debug|Any CPU = Debug|Any CPU
		Release|Any CPU = Release|Any CPU
	EndGlobalSection
	GlobalSection(ProjectConfigurationPlatforms) = postSolution
		{7C0EC82B-E980-4269-B5FB-71E3A86D83BE}.Debug|Any CPU.ActiveCfg = Debug|Any CPU
		{7C0EC82B-E980-4269-B5FB-71E3A86D83BE}.Debug|Any CPU.Build.0 = Debug|Any CPU
		{7C0EC82B-E980-4269-B5FB-71E3A86D83BE}.Release|Any CPU.ActiveCfg = Release|Any CPU
		{7C0EC82B-E980-4269-B5FB-71E3A86D83BE}.Release|Any CPU.Build.0 = Release|Any CPU
	EndGlobalSection
	GlobalSection(SolutionProperties) = preSolution
		HideSolutionNode = FALSE
	EndGlobalSection
	GlobalSection(ExtensibilityGlobals) = postSolution
		SolutionGuid = {E3CC88A8-C466-4A51-9697-47CED3F888FF}
	EndGlobalSection
EndGlobal
